// !$*UTF8*$!
{
	archiveVersion = 1;
	classes = {
	};
	objectVersion = 56;
	objects = {

/* Begin PBXBuildFile section */
		FB03AC7F2C860C9E003F3539 /* AppDelegate.swift in Sources */ = {isa = PBXBuildFile; fileRef = FB03AC7E2C860C9E003F3539 /* AppDelegate.swift */; };
		FB03AC812C860C9E003F3539 /* SceneDelegate.swift in Sources */ = {isa = PBXBuildFile; fileRef = FB03AC802C860C9E003F3539 /* SceneDelegate.swift */; };
		FB03AC832C860C9E003F3539 /* ViewController.swift in Sources */ = {isa = PBXBuildFile; fileRef = FB03AC822C860C9E003F3539 /* ViewController.swift */; };
		FB03AC862C860C9E003F3539 /* Base in Resources */ = {isa = PBXBuildFile; fileRef = FB03AC852C860C9E003F3539 /* Base */; };
		FB03AC882C860C9E003F3539 /* Assets.xcassets in Resources */ = {isa = PBXBuildFile; fileRef = FB03AC872C860C9E003F3539 /* Assets.xcassets */; };
		FB03AC8B2C860C9E003F3539 /* Base in Resources */ = {isa = PBXBuildFile; fileRef = FB03AC8A2C860C9E003F3539 /* Base */; };
		FB03AC962C860C9E003F3539 /* CALCULADORA_LOLATests.swift in Sources */ = {isa = PBXBuildFile; fileRef = FB03AC952C860C9E003F3539 /* CALCULADORA_LOLATests.swift */; };
		FB03ACA02C860C9F003F3539 /* CALCULADORA_LOLAUITests.swift in Sources */ = {isa = PBXBuildFile; fileRef = FB03AC9F2C860C9F003F3539 /* CALCULADORA_LOLAUITests.swift */; };
		FB03ACA22C860C9F003F3539 /* CALCULADORA_LOLAUITestsLaunchTests.swift in Sources */ = {isa = PBXBuildFile; fileRef = FB03ACA12C860C9F003F3539 /* CALCULADORA_LOLAUITestsLaunchTests.swift */; };
		FB74030D2C8B580000B9F9A5 /* InterfazBotones.swift in Sources */ = {isa = PBXBuildFile; fileRef = FB74030C2C8B580000B9F9A5 /* InterfazBotones.swift */; };
/* End PBXBuildFile section */

/* Begin PBXContainerItemProxy section */
		FB03AC922C860C9E003F3539 /* PBXContainerItemProxy */ = {
			isa = PBXContainerItemProxy;
			containerPortal = FB03AC732C860C9E003F3539 /* Project object */;
			proxyType = 1;
			remoteGlobalIDString = FB03AC7A2C860C9E003F3539;
			remoteInfo = CALCULADORA_LOLA;
		};
		FB03AC9C2C860C9F003F3539 /* PBXContainerItemProxy */ = {
			isa = PBXContainerItemProxy;
			containerPortal = FB03AC732C860C9E003F3539 /* Project object */;
			proxyType = 1;
			remoteGlobalIDString = FB03AC7A2C860C9E003F3539;
			remoteInfo = CALCULADORA_LOLA;
		};
/* End PBXContainerItemProxy section */

/* Begin PBXFileReference section */
		FB03AC7B2C860C9E003F3539 /* CALCULADORA_LOLA.app */ = {isa = PBXFileReference; explicitFileType = wrapper.application; includeInIndex = 0; path = CALCULADORA_LOLA.app; sourceTree = BUILT_PRODUCTS_DIR; };
		FB03AC7E2C860C9E003F3539 /* AppDelegate.swift */ = {isa = PBXFileReference; lastKnownFileType = sourcecode.swift; path = AppDelegate.swift; sourceTree = "<group>"; };
		FB03AC802C860C9E003F3539 /* SceneDelegate.swift */ = {isa = PBXFileReference; lastKnownFileType = sourcecode.swift; path = SceneDelegate.swift; sourceTree = "<group>"; };
		FB03AC822C860C9E003F3539 /* ViewController.swift */ = {isa = PBXFileReference; lastKnownFileType = sourcecode.swift; path = ViewController.swift; sourceTree = "<group>"; };
		FB03AC852C860C9E003F3539 /* Base */ = {isa = PBXFileReference; lastKnownFileType = file.storyboard; name = Base; path = Base.lproj/Main.storyboard; sourceTree = "<group>"; };
		FB03AC872C860C9E003F3539 /* Assets.xcassets */ = {isa = PBXFileReference; lastKnownFileType = folder.assetcatalog; path = Assets.xcassets; sourceTree = "<group>"; };
		FB03AC8A2C860C9E003F3539 /* Base */ = {isa = PBXFileReference; lastKnownFileType = file.storyboard; name = Base; path = Base.lproj/LaunchScreen.storyboard; sourceTree = "<group>"; };
		FB03AC8C2C860C9E003F3539 /* Info.plist */ = {isa = PBXFileReference; lastKnownFileType = text.plist.xml; path = Info.plist; sourceTree = "<group>"; };
		FB03AC912C860C9E003F3539 /* CALCULADORA_LOLATests.xctest */ = {isa = PBXFileReference; explicitFileType = wrapper.cfbundle; includeInIndex = 0; path = CALCULADORA_LOLATests.xctest; sourceTree = BUILT_PRODUCTS_DIR; };
		FB03AC952C860C9E003F3539 /* CALCULADORA_LOLATests.swift */ = {isa = PBXFileReference; lastKnownFileType = sourcecode.swift; path = CALCULADORA_LOLATests.swift; sourceTree = "<group>"; };
		FB03AC9B2C860C9F003F3539 /* CALCULADORA_LOLAUITests.xctest */ = {isa = PBXFileReference; explicitFileType = wrapper.cfbundle; includeInIndex = 0; path = CALCULADORA_LOLAUITests.xctest; sourceTree = BUILT_PRODUCTS_DIR; };
		FB03AC9F2C860C9F003F3539 /* CALCULADORA_LOLAUITests.swift */ = {isa = PBXFileReference; lastKnownFileType = sourcecode.swift; path = CALCULADORA_LOLAUITests.swift; sourceTree = "<group>"; };
		FB03ACA12C860C9F003F3539 /* CALCULADORA_LOLAUITestsLaunchTests.swift */ = {isa = PBXFileReference; lastKnownFileType = sourcecode.swift; path = CALCULADORA_LOLAUITestsLaunchTests.swift; sourceTree = "<group>"; };
		FB74030C2C8B580000B9F9A5 /* InterfazBotones.swift */ = {isa = PBXFileReference; lastKnownFileType = sourcecode.swift; path = InterfazBotones.swift; sourceTree = "<group>"; };
/* End PBXFileReference section */

/* Begin PBXFrameworksBuildPhase section */
		FB03AC782C860C9E003F3539 /* Frameworks */ = {
			isa = PBXFrameworksBuildPhase;
			buildActionMask = 2147483647;
			files = (
			);
			runOnlyForDeploymentPostprocessing = 0;
		};
		FB03AC8E2C860C9E003F3539 /* Frameworks */ = {
			isa = PBXFrameworksBuildPhase;
			buildActionMask = 2147483647;
			files = (
			);
			runOnlyForDeploymentPostprocessing = 0;
		};
		FB03AC982C860C9F003F3539 /* Frameworks */ = {
			isa = PBXFrameworksBuildPhase;
			buildActionMask = 2147483647;
			files = (
			);
			runOnlyForDeploymentPostprocessing = 0;
		};
/* End PBXFrameworksBuildPhase section */

/* Begin PBXGroup section */
		FB03AC722C860C9E003F3539 = {
			isa = PBXGroup;
			children = (
				FB03AC7D2C860C9E003F3539 /* CALCULADORA_LOLA */,
				FB03AC942C860C9E003F3539 /* CALCULADORA_LOLATests */,
				FB03AC9E2C860C9F003F3539 /* CALCULADORA_LOLAUITests */,
				FB03AC7C2C860C9E003F3539 /* Products */,
			);
			sourceTree = "<group>";
		};
		FB03AC7C2C860C9E003F3539 /* Products */ = {
			isa = PBXGroup;
			children = (
				FB03AC7B2C860C9E003F3539 /* CALCULADORA_LOLA.app */,
				FB03AC912C860C9E003F3539 /* CALCULADORA_LOLATests.xctest */,
				FB03AC9B2C860C9F003F3539 /* CALCULADORA_LOLAUITests.xctest */,
			);
			name = Products;
			sourceTree = "<group>";
		};
		FB03AC7D2C860C9E003F3539 /* CALCULADORA_LOLA */ = {
			isa = PBXGroup;
			children = (
				FB74030A2C8B57DE00B9F9A5 /* Modelo */,
				FB03AC7E2C860C9E003F3539 /* AppDelegate.swift */,
				FB03AC802C860C9E003F3539 /* SceneDelegate.swift */,
				FB03AC822C860C9E003F3539 /* ViewController.swift */,
				FB03AC842C860C9E003F3539 /* Main.storyboard */,
				FB03AC872C860C9E003F3539 /* Assets.xcassets */,
				FB03AC892C860C9E003F3539 /* LaunchScreen.storyboard */,
				FB03AC8C2C860C9E003F3539 /* Info.plist */,
			);
			path = CALCULADORA_LOLA;
			sourceTree = "<group>";
		};
		FB03AC942C860C9E003F3539 /* CALCULADORA_LOLATests */ = {
			isa = PBXGroup;
			children = (
				FB03AC952C860C9E003F3539 /* CALCULADORA_LOLATests.swift */,
			);
			path = CALCULADORA_LOLATests;
			sourceTree = "<group>";
		};
		FB03AC9E2C860C9F003F3539 /* CALCULADORA_LOLAUITests */ = {
			isa = PBXGroup;
			children = (
				FB03AC9F2C860C9F003F3539 /* CALCULADORA_LOLAUITests.swift */,
				FB03ACA12C860C9F003F3539 /* CALCULADORA_LOLAUITestsLaunchTests.swift */,
			);
			path = CALCULADORA_LOLAUITests;
			sourceTree = "<group>";
		};
		FB74030A2C8B57DE00B9F9A5 /* Modelo */ = {
			isa = PBXGroup;
			children = (
				FB74030B2C8B57E700B9F9A5 /* Interfaz */,
			);
			path = Modelo;
			sourceTree = "<group>";
		};
		FB74030B2C8B57E700B9F9A5 /* Interfaz */ = {
			isa = PBXGroup;
			children = (
				FB74030C2C8B580000B9F9A5 /* InterfazBotones.swift */,
			);
			path = Interfaz;
			sourceTree = "<group>";
		};
/* End PBXGroup section */

/* Begin PBXNativeTarget section */
		FB03AC7A2C860C9E003F3539 /* CALCULADORA_LOLA */ = {
			isa = PBXNativeTarget;
			buildConfigurationList = FB03ACA52C860C9F003F3539 /* Build configuration list for PBXNativeTarget "CALCULADORA_LOLA" */;
			buildPhases = (
				FB03AC772C860C9E003F3539 /* Sources */,
				FB03AC782C860C9E003F3539 /* Frameworks */,
				FB03AC792C860C9E003F3539 /* Resources */,
			);
			buildRules = (
			);
			dependencies = (
			);
			name = CALCULADORA_LOLA;
			productName = CALCULADORA_LOLA;
			productReference = FB03AC7B2C860C9E003F3539 /* CALCULADORA_LOLA.app */;
			productType = "com.apple.product-type.application";
		};
		FB03AC902C860C9E003F3539 /* CALCULADORA_LOLATests */ = {
			isa = PBXNativeTarget;
			buildConfigurationList = FB03ACA82C860C9F003F3539 /* Build configuration list for PBXNativeTarget "CALCULADORA_LOLATests" */;
			buildPhases = (
				FB03AC8D2C860C9E003F3539 /* Sources */,
				FB03AC8E2C860C9E003F3539 /* Frameworks */,
				FB03AC8F2C860C9E003F3539 /* Resources */,
			);
			buildRules = (
			);
			dependencies = (
				FB03AC932C860C9E003F3539 /* PBXTargetDependency */,
			);
			name = CALCULADORA_LOLATests;
			productName = CALCULADORA_LOLATests;
			productReference = FB03AC912C860C9E003F3539 /* CALCULADORA_LOLATests.xctest */;
			productType = "com.apple.product-type.bundle.unit-test";
		};
		FB03AC9A2C860C9F003F3539 /* CALCULADORA_LOLAUITests */ = {
			isa = PBXNativeTarget;
			buildConfigurationList = FB03ACAB2C860C9F003F3539 /* Build configuration list for PBXNativeTarget "CALCULADORA_LOLAUITests" */;
			buildPhases = (
				FB03AC972C860C9F003F3539 /* Sources */,
				FB03AC982C860C9F003F3539 /* Frameworks */,
				FB03AC992C860C9F003F3539 /* Resources */,
			);
			buildRules = (
			);
			dependencies = (
				FB03AC9D2C860C9F003F3539 /* PBXTargetDependency */,
			);
			name = CALCULADORA_LOLAUITests;
			productName = CALCULADORA_LOLAUITests;
			productReference = FB03AC9B2C860C9F003F3539 /* CALCULADORA_LOLAUITests.xctest */;
			productType = "com.apple.product-type.bundle.ui-testing";
		};
/* End PBXNativeTarget section */

/* Begin PBXProject section */
		FB03AC732C860C9E003F3539 /* Project object */ = {
			isa = PBXProject;
			attributes = {
				BuildIndependentTargetsInParallel = 1;
				LastSwiftUpdateCheck = 1540;
				LastUpgradeCheck = 1540;
				TargetAttributes = {
					FB03AC7A2C860C9E003F3539 = {
						CreatedOnToolsVersion = 15.4;
					};
					FB03AC902C860C9E003F3539 = {
						CreatedOnToolsVersion = 15.4;
						TestTargetID = FB03AC7A2C860C9E003F3539;
					};
					FB03AC9A2C860C9F003F3539 = {
						CreatedOnToolsVersion = 15.4;
						TestTargetID = FB03AC7A2C860C9E003F3539;
					};
				};
			};
			buildConfigurationList = FB03AC762C860C9E003F3539 /* Build configuration list for PBXProject "CALCULADORA_LOLA" */;
			compatibilityVersion = "Xcode 14.0";
			developmentRegion = en;
			hasScannedForEncodings = 0;
			knownRegions = (
				en,
				Base,
			);
			mainGroup = FB03AC722C860C9E003F3539;
			productRefGroup = FB03AC7C2C860C9E003F3539 /* Products */;
			projectDirPath = "";
			projectRoot = "";
			targets = (
				FB03AC7A2C860C9E003F3539 /* CALCULADORA_LOLA */,
				FB03AC902C860C9E003F3539 /* CALCULADORA_LOLATests */,
				FB03AC9A2C860C9F003F3539 /* CALCULADORA_LOLAUITests */,
			);
		};
/* End PBXProject section */

/* Begin PBXResourcesBuildPhase section */
		FB03AC792C860C9E003F3539 /* Resources */ = {
			isa = PBXResourcesBuildPhase;
			buildActionMask = 2147483647;
			files = (
				FB03AC882C860C9E003F3539 /* Assets.xcassets in Resources */,
				FB03AC8B2C860C9E003F3539 /* Base in Resources */,
				FB03AC862C860C9E003F3539 /* Base in Resources */,
			);
			runOnlyForDeploymentPostprocessing = 0;
		};
		FB03AC8F2C860C9E003F3539 /* Resources */ = {
			isa = PBXResourcesBuildPhase;
			buildActionMask = 2147483647;
			files = (
			);
			runOnlyForDeploymentPostprocessing = 0;
		};
		FB03AC992C860C9F003F3539 /* Resources */ = {
			isa = PBXResourcesBuildPhase;
			buildActionMask = 2147483647;
			files = (
			);
			runOnlyForDeploymentPostprocessing = 0;
		};
/* End PBXResourcesBuildPhase section */

/* Begin PBXSourcesBuildPhase section */
		FB03AC772C860C9E003F3539 /* Sources */ = {
			isa = PBXSourcesBuildPhase;
			buildActionMask = 2147483647;
			files = (
				FB03AC832C860C9E003F3539 /* ViewController.swift in Sources */,
				FB74030D2C8B580000B9F9A5 /* InterfazBotones.swift in Sources */,
				FB03AC7F2C860C9E003F3539 /* AppDelegate.swift in Sources */,
				FB03AC812C860C9E003F3539 /* SceneDelegate.swift in Sources */,
			);
			runOnlyForDeploymentPostprocessing = 0;
		};
		FB03AC8D2C860C9E003F3539 /* Sources */ = {
			isa = PBXSourcesBuildPhase;
			buildActionMask = 2147483647;
			files = (
				FB03AC962C860C9E003F3539 /* CALCULADORA_LOLATests.swift in Sources */,
			);
			runOnlyForDeploymentPostprocessing = 0;
		};
		FB03AC972C860C9F003F3539 /* Sources */ = {
			isa = PBXSourcesBuildPhase;
			buildActionMask = 2147483647;
			files = (
				FB03ACA22C860C9F003F3539 /* CALCULADORA_LOLAUITestsLaunchTests.swift in Sources */,
				FB03ACA02C860C9F003F3539 /* CALCULADORA_LOLAUITests.swift in Sources */,
			);
			runOnlyForDeploymentPostprocessing = 0;
		};
/* End PBXSourcesBuildPhase section */

/* Begin PBXTargetDependency section */
		FB03AC932C860C9E003F3539 /* PBXTargetDependency */ = {
			isa = PBXTargetDependency;
			target = FB03AC7A2C860C9E003F3539 /* CALCULADORA_LOLA */;
			targetProxy = FB03AC922C860C9E003F3539 /* PBXContainerItemProxy */;
		};
		FB03AC9D2C860C9F003F3539 /* PBXTargetDependency */ = {
			isa = PBXTargetDependency;
			target = FB03AC7A2C860C9E003F3539 /* CALCULADORA_LOLA */;
			targetProxy = FB03AC9C2C860C9F003F3539 /* PBXContainerItemProxy */;
		};
/* End PBXTargetDependency section */

/* Begin PBXVariantGroup section */
		FB03AC842C860C9E003F3539 /* Main.storyboard */ = {
			isa = PBXVariantGroup;
			children = (
				FB03AC852C860C9E003F3539 /* Base */,
			);
			name = Main.storyboard;
			sourceTree = "<group>";
		};
		FB03AC892C860C9E003F3539 /* LaunchScreen.storyboard */ = {
			isa = PBXVariantGroup;
			children = (
				FB03AC8A2C860C9E003F3539 /* Base */,
			);
			name = LaunchScreen.storyboard;
			sourceTree = "<group>";
		};
/* End PBXVariantGroup section */

/* Begin XCBuildConfiguration section */
		FB03ACA32C860C9F003F3539 /* Debug */ = {
			isa = XCBuildConfiguration;
			buildSettings = {
				ALWAYS_SEARCH_USER_PATHS = NO;
				ASSETCATALOG_COMPILER_GENERATE_SWIFT_ASSET_SYMBOL_EXTENSIONS = YES;
				CLANG_ANALYZER_NONNULL = YES;
				CLANG_ANALYZER_NUMBER_OBJECT_CONVERSION = YES_AGGRESSIVE;
				CLANG_CXX_LANGUAGE_STANDARD = "gnu++20";
				CLANG_ENABLE_MODULES = YES;
				CLANG_ENABLE_OBJC_ARC = YES;
				CLANG_ENABLE_OBJC_WEAK = YES;
				CLANG_WARN_BLOCK_CAPTURE_AUTORELEASING = YES;
				CLANG_WARN_BOOL_CONVERSION = YES;
				CLANG_WARN_COMMA = YES;
				CLANG_WARN_CONSTANT_CONVERSION = YES;
				CLANG_WARN_DEPRECATED_OBJC_IMPLEMENTATIONS = YES;
				CLANG_WARN_DIRECT_OBJC_ISA_USAGE = YES_ERROR;
				CLANG_WARN_DOCUMENTATION_COMMENTS = YES;
				CLANG_WARN_EMPTY_BODY = YES;
				CLANG_WARN_ENUM_CONVERSION = YES;
				CLANG_WARN_INFINITE_RECURSION = YES;
				CLANG_WARN_INT_CONVERSION = YES;
				CLANG_WARN_NON_LITERAL_NULL_CONVERSION = YES;
				CLANG_WARN_OBJC_IMPLICIT_RETAIN_SELF = YES;
				CLANG_WARN_OBJC_LITERAL_CONVERSION = YES;
				CLANG_WARN_OBJC_ROOT_CLASS = YES_ERROR;
				CLANG_WARN_QUOTED_INCLUDE_IN_FRAMEWORK_HEADER = YES;
				CLANG_WARN_RANGE_LOOP_ANALYSIS = YES;
				CLANG_WARN_STRICT_PROTOTYPES = YES;
				CLANG_WARN_SUSPICIOUS_MOVE = YES;
				CLANG_WARN_UNGUARDED_AVAILABILITY = YES_AGGRESSIVE;
				CLANG_WARN_UNREACHABLE_CODE = YES;
				CLANG_WARN__DUPLICATE_METHOD_MATCH = YES;
				COPY_PHASE_STRIP = NO;
				DEBUG_INFORMATION_FORMAT = dwarf;
				ENABLE_STRICT_OBJC_MSGSEND = YES;
				ENABLE_TESTABILITY = YES;
				ENABLE_USER_SCRIPT_SANDBOXING = YES;
				GCC_C_LANGUAGE_STANDARD = gnu17;
				GCC_DYNAMIC_NO_PIC = NO;
				GCC_NO_COMMON_BLOCKS = YES;
				GCC_OPTIMIZATION_LEVEL = 0;
				GCC_PREPROCESSOR_DEFINITIONS = (
					"DEBUG=1",
					"$(inherited)",
				);
				GCC_WARN_64_TO_32_BIT_CONVERSION = YES;
				GCC_WARN_ABOUT_RETURN_TYPE = YES_ERROR;
				GCC_WARN_UNDECLARED_SELECTOR = YES;
				GCC_WARN_UNINITIALIZED_AUTOS = YES_AGGRESSIVE;
				GCC_WARN_UNUSED_FUNCTION = YES;
				GCC_WARN_UNUSED_VARIABLE = YES;
				IPHONEOS_DEPLOYMENT_TARGET = 17.5;
				LOCALIZATION_PREFERS_STRING_CATALOGS = YES;
				MTL_ENABLE_DEBUG_INFO = INCLUDE_SOURCE;
				MTL_FAST_MATH = YES;
				ONLY_ACTIVE_ARCH = YES;
				SDKROOT = iphoneos;
				SWIFT_ACTIVE_COMPILATION_CONDITIONS = "DEBUG $(inherited)";
				SWIFT_OPTIMIZATION_LEVEL = "-Onone";
			};
			name = Debug;
		};
		FB03ACA42C860C9F003F3539 /* Release */ = {
			isa = XCBuildConfiguration;
			buildSettings = {
				ALWAYS_SEARCH_USER_PATHS = NO;
				ASSETCATALOG_COMPILER_GENERATE_SWIFT_ASSET_SYMBOL_EXTENSIONS = YES;
				CLANG_ANALYZER_NONNULL = YES;
				CLANG_ANALYZER_NUMBER_OBJECT_CONVERSION = YES_AGGRESSIVE;
				CLANG_CXX_LANGUAGE_STANDARD = "gnu++20";
				CLANG_ENABLE_MODULES = YES;
				CLANG_ENABLE_OBJC_ARC = YES;
				CLANG_ENABLE_OBJC_WEAK = YES;
				CLANG_WARN_BLOCK_CAPTURE_AUTORELEASING = YES;
				CLANG_WARN_BOOL_CONVERSION = YES;
				CLANG_WARN_COMMA = YES;
				CLANG_WARN_CONSTANT_CONVERSION = YES;
				CLANG_WARN_DEPRECATED_OBJC_IMPLEMENTATIONS = YES;
				CLANG_WARN_DIRECT_OBJC_ISA_USAGE = YES_ERROR;
				CLANG_WARN_DOCUMENTATION_COMMENTS = YES;
				CLANG_WARN_EMPTY_BODY = YES;
				CLANG_WARN_ENUM_CONVERSION = YES;
				CLANG_WARN_INFINITE_RECURSION = YES;
				CLANG_WARN_INT_CONVERSION = YES;
				CLANG_WARN_NON_LITERAL_NULL_CONVERSION = YES;
				CLANG_WARN_OBJC_IMPLICIT_RETAIN_SELF = YES;
				CLANG_WARN_OBJC_LITERAL_CONVERSION = YES;
				CLANG_WARN_OBJC_ROOT_CLASS = YES_ERROR;
				CLANG_WARN_QUOTED_INCLUDE_IN_FRAMEWORK_HEADER = YES;
				CLANG_WARN_RANGE_LOOP_ANALYSIS = YES;
				CLANG_WARN_STRICT_PROTOTYPES = YES;
				CLANG_WARN_SUSPICIOUS_MOVE = YES;
				CLANG_WARN_UNGUARDED_AVAILABILITY = YES_AGGRESSIVE;
				CLANG_WARN_UNREACHABLE_CODE = YES;
				CLANG_WARN__DUPLICATE_METHOD_MATCH = YES;
				COPY_PHASE_STRIP = NO;
				DEBUG_INFORMATION_FORMAT = "dwarf-with-dsym";
				ENABLE_NS_ASSERTIONS = NO;
				ENABLE_STRICT_OBJC_MSGSEND = YES;
				ENABLE_USER_SCRIPT_SANDBOXING = YES;
				GCC_C_LANGUAGE_STANDARD = gnu17;
				GCC_NO_COMMON_BLOCKS = YES;
				GCC_WARN_64_TO_32_BIT_CONVERSION = YES;
				GCC_WARN_ABOUT_RETURN_TYPE = YES_ERROR;
				GCC_WARN_UNDECLARED_SELECTOR = YES;
				GCC_WARN_UNINITIALIZED_AUTOS = YES_AGGRESSIVE;
				GCC_WARN_UNUSED_FUNCTION = YES;
				GCC_WARN_UNUSED_VARIABLE = YES;
				IPHONEOS_DEPLOYMENT_TARGET = 17.5;
				LOCALIZATION_PREFERS_STRING_CATALOGS = YES;
				MTL_ENABLE_DEBUG_INFO = NO;
				MTL_FAST_MATH = YES;
				SDKROOT = iphoneos;
				SWIFT_COMPILATION_MODE = wholemodule;
				VALIDATE_PRODUCT = YES;
			};
			name = Release;
		};
		FB03ACA62C860C9F003F3539 /* Debug */ = {
			isa = XCBuildConfiguration;
			buildSettings = {
				ASSETCATALOG_COMPILER_APPICON_NAME = AppIcon;
				ASSETCATALOG_COMPILER_GLOBAL_ACCENT_COLOR_NAME = AccentColor;
				CODE_SIGN_STYLE = Automatic;
				CURRENT_PROJECT_VERSION = 1;
				GENERATE_INFOPLIST_FILE = YES;
				INFOPLIST_FILE = CALCULADORA_LOLA/Info.plist;
				INFOPLIST_KEY_UIApplicationSupportsIndirectInputEvents = YES;
				INFOPLIST_KEY_UILaunchStoryboardName = LaunchScreen;
				INFOPLIST_KEY_UIMainStoryboardFile = Main;
				INFOPLIST_KEY_UISupportedInterfaceOrientations_iPad = "UIInterfaceOrientationPortrait UIInterfaceOrientationPortraitUpsideDown UIInterfaceOrientationLandscapeLeft UIInterfaceOrientationLandscapeRight";
				INFOPLIST_KEY_UISupportedInterfaceOrientations_iPhone = "UIInterfaceOrientationPortrait UIInterfaceOrientationLandscapeLeft UIInterfaceOrientationLandscapeRight";
				LD_RUNPATH_SEARCH_PATHS = (
					"$(inherited)",
					"@executable_path/Frameworks",
				);
				MARKETING_VERSION = 1.0;
				PRODUCT_BUNDLE_IDENTIFIER = "mx.uacj.211253calculadora-lola.CALCULADORA-LOLA";
				PRODUCT_NAME = "$(TARGET_NAME)";
				SWIFT_EMIT_LOC_STRINGS = YES;
				SWIFT_VERSION = 5.0;
				TARGETED_DEVICE_FAMILY = "1,2";
			};
			name = Debug;
		};
		FB03ACA72C860C9F003F3539 /* Release */ = {
			isa = XCBuildConfiguration;
			buildSettings = {
				ASSETCATALOG_COMPILER_APPICON_NAME = AppIcon;
				ASSETCATALOG_COMPILER_GLOBAL_ACCENT_COLOR_NAME = AccentColor;
				CODE_SIGN_STYLE = Automatic;
				CURRENT_PROJECT_VERSION = 1;
				GENERATE_INFOPLIST_FILE = YES;
				INFOPLIST_FILE = CALCULADORA_LOLA/Info.plist;
				INFOPLIST_KEY_UIApplicationSupportsIndirectInputEvents = YES;
				INFOPLIST_KEY_UILaunchStoryboardName = LaunchScreen;
				INFOPLIST_KEY_UIMainStoryboardFile = Main;
				INFOPLIST_KEY_UISupportedInterfaceOrientations_iPad = "UIInterfaceOrientationPortrait UIInterfaceOrientationPortraitUpsideDown UIInterfaceOrientationLandscapeLeft UIInterfaceOrientationLandscapeRight";
				INFOPLIST_KEY_UISupportedInterfaceOrientations_iPhone = "UIInterfaceOrientationPortrait UIInterfaceOrientationLandscapeLeft UIInterfaceOrientationLandscapeRight";
				LD_RUNPATH_SEARCH_PATHS = (
					"$(inherited)",
					"@executable_path/Frameworks",
				);
				MARKETING_VERSION = 1.0;
				PRODUCT_BUNDLE_IDENTIFIER = "mx.uacj.211253calculadora-lola.CALCULADORA-LOLA";
				PRODUCT_NAME = "$(TARGET_NAME)";
				SWIFT_EMIT_LOC_STRINGS = YES;
				SWIFT_VERSION = 5.0;
				TARGETED_DEVICE_FAMILY = "1,2";
			};
			name = Release;
		};
		FB03ACA92C860C9F003F3539 /* Debug */ = {
			isa = XCBuildConfiguration;
			buildSettings = {
				ALWAYS_EMBED_SWIFT_STANDARD_LIBRARIES = YES;
				BUNDLE_LOADER = "$(TEST_HOST)";
				CODE_SIGN_STYLE = Automatic;
				CURRENT_PROJECT_VERSION = 1;
				GENERATE_INFOPLIST_FILE = YES;
				IPHONEOS_DEPLOYMENT_TARGET = 17.5;
				MARKETING_VERSION = 1.0;
				PRODUCT_BUNDLE_IDENTIFIER = "mx.uacj.211253calculadora-lola.CALCULADORA-LOLATests";
				PRODUCT_NAME = "$(TARGET_NAME)";
				SWIFT_EMIT_LOC_STRINGS = NO;
				SWIFT_VERSION = 5.0;
				TARGETED_DEVICE_FAMILY = "1,2";
				TEST_HOST = "$(BUILT_PRODUCTS_DIR)/CALCULADORA_LOLA.app/$(BUNDLE_EXECUTABLE_FOLDER_PATH)/CALCULADORA_LOLA";
			};
			name = Debug;
		};
		FB03ACAA2C860C9F003F3539 /* Release */ = {
			isa = XCBuildConfiguration;
			buildSettings = {
				ALWAYS_EMBED_SWIFT_STANDARD_LIBRARIES = YES;
				BUNDLE_LOADER = "$(TEST_HOST)";
				CODE_SIGN_STYLE = Automatic;
				CURRENT_PROJECT_VERSION = 1;
				GENERATE_INFOPLIST_FILE = YES;
				IPHONEOS_DEPLOYMENT_TARGET = 17.5;
				MARKETING_VERSION = 1.0;
				PRODUCT_BUNDLE_IDENTIFIER = "mx.uacj.211253calculadora-lola.CALCULADORA-LOLATests";
				PRODUCT_NAME = "$(TARGET_NAME)";
				SWIFT_EMIT_LOC_STRINGS = NO;
				SWIFT_VERSION = 5.0;
				TARGETED_DEVICE_FAMILY = "1,2";
				TEST_HOST = "$(BUILT_PRODUCTS_DIR)/CALCULADORA_LOLA.app/$(BUNDLE_EXECUTABLE_FOLDER_PATH)/CALCULADORA_LOLA";
			};
			name = Release;
		};
		FB03ACAC2C860C9F003F3539 /* Debug */ = {
			isa = XCBuildConfiguration;
			buildSettings = {
				ALWAYS_EMBED_SWIFT_STANDARD_LIBRARIES = YES;
				CODE_SIGN_STYLE = Automatic;
				CURRENT_PROJECT_VERSION = 1;
				GENERATE_INFOPLIST_FILE = YES;
				MARKETING_VERSION = 1.0;
				PRODUCT_BUNDLE_IDENTIFIER = "mx.uacj.211253calculadora-lola.CALCULADORA-LOLAUITests";
				PRODUCT_NAME = "$(TARGET_NAME)";
				SWIFT_EMIT_LOC_STRINGS = NO;
				SWIFT_VERSION = 5.0;
				TARGETED_DEVICE_FAMILY = "1,2";
				TEST_TARGET_NAME = CALCULADORA_LOLA;
			};
			name = Debug;
		};
		FB03ACAD2C860C9F003F3539 /* Release */ = {
			isa = XCBuildConfiguration;
			buildSettings = {
				ALWAYS_EMBED_SWIFT_STANDARD_LIBRARIES = YES;
				CODE_SIGN_STYLE = Automatic;
				CURRENT_PROJECT_VERSION = 1;
				GENERATE_INFOPLIST_FILE = YES;
				MARKETING_VERSION = 1.0;
				PRODUCT_BUNDLE_IDENTIFIER = "mx.uacj.211253calculadora-lola.CALCULADORA-LOLAUITests";
				PRODUCT_NAME = "$(TARGET_NAME)";
				SWIFT_EMIT_LOC_STRINGS = NO;
				SWIFT_VERSION = 5.0;
				TARGETED_DEVICE_FAMILY = "1,2";
				TEST_TARGET_NAME = CALCULADORA_LOLA;
			};
			name = Release;
		};
/* End XCBuildConfiguration section */

/* Begin XCConfigurationList section */
		FB03AC762C860C9E003F3539 /* Build configuration list for PBXProject "CALCULADORA_LOLA" */ = {
			isa = XCConfigurationList;
			buildConfigurations = (
				FB03ACA32C860C9F003F3539 /* Debug */,
				FB03ACA42C860C9F003F3539 /* Release */,
			);
			defaultConfigurationIsVisible = 0;
			defaultConfigurationName = Release;
		};
		FB03ACA52C860C9F003F3539 /* Build configuration list for PBXNativeTarget "CALCULADORA_LOLA" */ = {
			isa = XCConfigurationList;
			buildConfigurations = (
				FB03ACA62C860C9F003F3539 /* Debug */,
				FB03ACA72C860C9F003F3539 /* Release */,
			);
			defaultConfigurationIsVisible = 0;
			defaultConfigurationName = Release;
		};
		FB03ACA82C860C9F003F3539 /* Build configuration list for PBXNativeTarget "CALCULADORA_LOLATests" */ = {
			isa = XCConfigurationList;
			buildConfigurations = (
				FB03ACA92C860C9F003F3539 /* Debug */,
				FB03ACAA2C860C9F003F3539 /* Release */,
			);
			defaultConfigurationIsVisible = 0;
			defaultConfigurationName = Release;
		};
		FB03ACAB2C860C9F003F3539 /* Build configuration list for PBXNativeTarget "CALCULADORA_LOLAUITests" */ = {
			isa = XCConfigurationList;
			buildConfigurations = (
				FB03ACAC2C860C9F003F3539 /* Debug */,
				FB03ACAD2C860C9F003F3539 /* Release */,
			);
			defaultConfigurationIsVisible = 0;
			defaultConfigurationName = Release;
		};
/* End XCConfigurationList section */
	};
	rootObject = FB03AC732C860C9E003F3539 /* Project object */;
}
